
Microsoft Visual Studio Solution File, Format Version 12.00
# Visual Studio 2012
Project("{FAE04EC0-301F-11D3-BF4B-00C04F79EFBC}") = "PSO", "PSO\PSO.csproj", "{3D2DD1F7-261B-4502-BCF5-4058620D587D}"
EndProject
Project("{FAE04EC0-301F-11D3-BF4B-00C04F79EFBC}") = "MyPSO", "MyPSO\MyPSO.csproj", "{2EF12593-4ABD-495F-83A1-5576EBBDF7CE}"
EndProject
Global
	GlobalSection(MercurialSourceControlSolutionProperties) = preSolution
		SolutionIsControlled = True
		SolutionBindings = <Solution Location In Database>
	EndGlobalSection
	GlobalSection(SolutionConfigurationPlatforms) = preSolution
		Debug|Any CPU = Debug|Any CPU
		Release|Any CPU = Release|Any CPU
	EndGlobalSection
	GlobalSection(ProjectConfigurationPlatforms) = postSolution
		{3D2DD1F7-261B-4502-BCF5-4058620D587D}.Debug|Any CPU.ActiveCfg = Debug|Any CPU
		{3D2DD1F7-261B-4502-BCF5-4058620D587D}.Debug|Any CPU.Build.0 = Debug|Any CPU
		{3D2DD1F7-261B-4502-BCF5-4058620D587D}.Release|Any CPU.ActiveCfg = Release|Any CPU
		{3D2DD1F7-261B-4502-BCF5-4058620D587D}.Release|Any CPU.Build.0 = Release|Any CPU
		{2EF12593-4ABD-495F-83A1-5576EBBDF7CE}.Debug|Any CPU.ActiveCfg = Debug|Any CPU
		{2EF12593-4ABD-495F-83A1-5576EBBDF7CE}.Debug|Any CPU.Build.0 = Debug|Any CPU
		{2EF12593-4ABD-495F-83A1-5576EBBDF7CE}.Release|Any CPU.ActiveCfg = Release|Any CPU
		{2EF12593-4ABD-495F-83A1-5576EBBDF7CE}.Release|Any CPU.Build.0 = Release|Any CPU
	EndGlobalSection
	GlobalSection(SolutionProperties) = preSolution
		HideSolutionNode = FALSE
	EndGlobalSection
EndGlobal
